
Microsoft Visual Studio Solution File, Format Version 12.00
# Visual Studio Version 17
VisualStudioVersion = 17.10.35013.160
MinimumVisualStudioVersion = 10.0.40219.1
Project("{FAE04EC0-301F-11D3-BF4B-00C04F79EFBC}") = "WindowsFormsApp1", "WindowsFormsApp1\WindowsFormsApp1.csproj", "{975EE1B5-0D87-45E0-AB62-6100C08CC422}"
EndProject
Global
	GlobalSection(SolutionConfigurationPlatforms) = preSolution
		Debug|Any CPU = Debug|Any CPU
		Release|Any CPU = Release|Any CPU
	EndGlobalSection
	GlobalSection(ProjectConfigurationPlatforms) = postSolution
		{975EE1B5-0D87-45E0-AB62-6100C08CC422}.Debug|Any CPU.ActiveCfg = Debug|Any CPU
		{975EE1B5-0D87-45E0-AB62-6100C08CC422}.Debug|Any CPU.Build.0 = Debug|Any CPU
		{975EE1B5-0D87-45E0-AB62-6100C08CC422}.Release|Any CPU.ActiveCfg = Release|Any CPU
		{975EE1B5-0D87-45E0-AB62-6100C08CC422}.Release|Any CPU.Build.0 = Release|Any CPU
	EndGlobalSection
	GlobalSection(SolutionProperties) = preSolution
		HideSolutionNode = FALSE
	EndGlobalSection
	GlobalSection(ExtensibilityGlobals) = postSolution
		SolutionGuid = {AED55782-2BB7-43E5-ABE6-AE5FE68DE31F}
	EndGlobalSection
EndGlobal
